
Microsoft Visual Studio Solution File, Format Version 12.00
# Visual Studio Version 17
VisualStudioVersion = 17.5.33530.505
MinimumVisualStudioVersion = 10.0.40219.1
Project("{FAE04EC0-301F-11D3-BF4B-00C04F79EFBC}") = "CocktailDB_ConsoleApp", "CocktailDB_ConsoleApp\CocktailDB_ConsoleApp.csproj", "{0D7E46CE-E307-4ED6-9223-FEB4C1D5BAAF}"
EndProject
Global
	GlobalSection(SolutionConfigurationPlatforms) = preSolution
		Debug|Any CPU = Debug|Any CPU
		Release|Any CPU = Release|Any CPU
	EndGlobalSection
	GlobalSection(ProjectConfigurationPlatforms) = postSolution
		{0D7E46CE-E307-4ED6-9223-FEB4C1D5BAAF}.Debug|Any CPU.ActiveCfg = Debug|Any CPU
		{0D7E46CE-E307-4ED6-9223-FEB4C1D5BAAF}.Debug|Any CPU.Build.0 = Debug|Any CPU
		{0D7E46CE-E307-4ED6-9223-FEB4C1D5BAAF}.Release|Any CPU.ActiveCfg = Release|Any CPU
		{0D7E46CE-E307-4ED6-9223-FEB4C1D5BAAF}.Release|Any CPU.Build.0 = Release|Any CPU
	EndGlobalSection
	GlobalSection(SolutionProperties) = preSolution
		HideSolutionNode = FALSE
	EndGlobalSection
	GlobalSection(ExtensibilityGlobals) = postSolution
		SolutionGuid = {42B7C759-AE6F-4F20-91CE-B9D4B07AB761}
	EndGlobalSection
EndGlobal
